// !$*UTF8*$!
{
	archiveVersion = 1;
	classes = {
	};
	objectVersion = 50;
	objects = {

/* Begin PBXBuildFile section */
		8D81CC2021DF68A200B82C03 /* AppDelegate.swift in Sources */ = {isa = PBXBuildFile; fileRef = 8D81CC1F21DF68A200B82C03 /* AppDelegate.swift */; };
		8D81CC2221DF68A200B82C03 /* ViewController.swift in Sources */ = {isa = PBXBuildFile; fileRef = 8D81CC2121DF68A200B82C03 /* ViewController.swift */; };
		8D81CC2521DF68A200B82C03 /* Main.storyboard in Resources */ = {isa = PBXBuildFile; fileRef = 8D81CC2321DF68A200B82C03 /* Main.storyboard */; };
		8D81CC2721DF68BE00B82C03 /* Assets.xcassets in Resources */ = {isa = PBXBuildFile; fileRef = 8D81CC2621DF68BE00B82C03 /* Assets.xcassets */; };
		8D81CC2A21DF68BE00B82C03 /* LaunchScreen.storyboard in Resources */ = {isa = PBXBuildFile; fileRef = 8D81CC2821DF68BE00B82C03 /* LaunchScreen.storyboard */; };
		8D81CC3521DF68BF00B82C03 /* llqTests.swift in Sources */ = {isa = PBXBuildFile; fileRef = 8D81CC3421DF68BF00B82C03 /* llqTests.swift */; };
		8D81CC4021DF68BF00B82C03 /* llqUITests.swift in Sources */ = {isa = PBXBuildFile; fileRef = 8D81CC3F21DF68BF00B82C03 /* llqUITests.swift */; };
/* End PBXBuildFile section */

/* Begin PBXContainerItemProxy section */
		8D81CC3121DF68BF00B82C03 /* PBXContainerItemProxy */ = {
			isa = PBXContainerItemProxy;
			containerPortal = 8D81CC1421DF68A200B82C03 /* Project object */;
			proxyType = 1;
			remoteGlobalIDString = 8D81CC1B21DF68A200B82C03;
			remoteInfo = llq;
		};
		8D81CC3C21DF68BF00B82C03 /* PBXContainerItemProxy */ = {
			isa = PBXContainerItemProxy;
			containerPortal = 8D81CC1421DF68A200B82C03 /* Project object */;
			proxyType = 1;
			remoteGlobalIDString = 8D81CC1B21DF68A200B82C03;
			remoteInfo = llq;
		};
/* End PBXContainerItemProxy section */

/* Begin PBXFileReference section */
		8D81CC1C21DF68A200B82C03 /* llq.app */ = {isa = PBXFileReference; explicitFileType = wrapper.application; includeInIndex = 0; path = llq.app; sourceTree = BUILT_PRODUCTS_DIR; };
		8D81CC1F21DF68A200B82C03 /* AppDelegate.swift */ = {isa = PBXFileReference; lastKnownFileType = sourcecode.swift; path = AppDelegate.swift; sourceTree = "<group>"; };
		8D81CC2121DF68A200B82C03 /* ViewController.swift */ = {isa = PBXFileReference; lastKnownFileType = sourcecode.swift; path = ViewController.swift; sourceTree = "<group>"; };
		8D81CC2421DF68A200B82C03 /* Base */ = {isa = PBXFileReference; lastKnownFileType = file.storyboard; name = Base; path = Base.lproj/Main.storyboard; sourceTree = "<group>"; };
		8D81CC2621DF68BE00B82C03 /* Assets.xcassets */ = {isa = PBXFileReference; lastKnownFileType = folder.assetcatalog; path = Assets.xcassets; sourceTree = "<group>"; };
		8D81CC2921DF68BE00B82C03 /* Base */ = {isa = PBXFileReference; lastKnownFileType = file.storyboard; name = Base; path = Base.lproj/LaunchScreen.storyboard; sourceTree = "<group>"; };
		8D81CC2B21DF68BE00B82C03 /* Info.plist */ = {isa = PBXFileReference; lastKnownFileType = text.plist.xml; path = Info.plist; sourceTree = "<group>"; };
		8D81CC3021DF68BF00B82C03 /* llqTests.xctest */ = {isa = PBXFileReference; explicitFileType = wrapper.cfbundle; includeInIndex = 0; path = llqTests.xctest; sourceTree = BUILT_PRODUCTS_DIR; };
		8D81CC3421DF68BF00B82C03 /* llqTests.swift */ = {isa = PBXFileReference; lastKnownFileType = sourcecode.swift; path = llqTests.swift; sourceTree = "<group>"; };
		8D81CC3621DF68BF00B82C03 /* Info.plist */ = {isa = PBXFileReference; lastKnownFileType = text.plist.xml; path = Info.plist; sourceTree = "<group>"; };
		8D81CC3B21DF68BF00B82C03 /* llqUITests.xctest */ = {isa = PBXFileReference; explicitFileType = wrapper.cfbundle; includeInIndex = 0; path = llqUITests.xctest; sourceTree = BUILT_PRODUCTS_DIR; };
		8D81CC3F21DF68BF00B82C03 /* llqUITests.swift */ = {isa = PBXFileReference; lastKnownFileType = sourcecode.swift; path = llqUITests.swift; sourceTree = "<group>"; };
		8D81CC4121DF68BF00B82C03 /* Info.plist */ = {isa = PBXFileReference; lastKnownFileType = text.plist.xml; path = Info.plist; sourceTree = "<group>"; };
/* End PBXFileReference section */

/* Begin PBXFrameworksBuildPhase section */
		8D81CC1921DF68A200B82C03 /* Frameworks */ = {
			isa = PBXFrameworksBuildPhase;
			buildActionMask = 2147483647;
			files = (
			);
			runOnlyForDeploymentPostprocessing = 0;
		};
		8D81CC2D21DF68BF00B82C03 /* Frameworks */ = {
			isa = PBXFrameworksBuildPhase;
			buildActionMask = 2147483647;
			files = (
			);
			runOnlyForDeploymentPostprocessing = 0;
		};
		8D81CC3821DF68BF00B82C03 /* Frameworks */ = {
			isa = PBXFrameworksBuildPhase;
			buildActionMask = 2147483647;
			files = (
			);
			runOnlyForDeploymentPostprocessing = 0;
		};
/* End PBXFrameworksBuildPhase section */

/* Begin PBXGroup section */
		8D81CC1321DF68A200B82C03 = {
			isa = PBXGroup;
			children = (
				8D81CC1E21DF68A200B82C03 /* llq */,
				8D81CC3321DF68BF00B82C03 /* llqTests */,
				8D81CC3E21DF68BF00B82C03 /* llqUITests */,
				8D81CC1D21DF68A200B82C03 /* Products */,
			);
			sourceTree = "<group>";
		};
		8D81CC1D21DF68A200B82C03 /* Products */ = {
			isa = PBXGroup;
			children = (
				8D81CC1C21DF68A200B82C03 /* llq.app */,
				8D81CC3021DF68BF00B82C03 /* llqTests.xctest */,
				8D81CC3B21DF68BF00B82C03 /* llqUITests.xctest */,
			);
			name = Products;
			sourceTree = "<group>";
		};
		8D81CC1E21DF68A200B82C03 /* llq */ = {
			isa = PBXGroup;
			children = (
				8D81CC1F21DF68A200B82C03 /* AppDelegate.swift */,
				8D81CC2121DF68A200B82C03 /* ViewController.swift */,
				8D81CC2321DF68A200B82C03 /* Main.storyboard */,
				8D81CC2621DF68BE00B82C03 /* Assets.xcassets */,
				8D81CC2821DF68BE00B82C03 /* LaunchScreen.storyboard */,
				8D81CC2B21DF68BE00B82C03 /* Info.plist */,
			);
			path = llq;
			sourceTree = "<group>";
		};
		8D81CC3321DF68BF00B82C03 /* llqTests */ = {
			isa = PBXGroup;
			children = (
				8D81CC3421DF68BF00B82C03 /* llqTests.swift */,
				8D81CC3621DF68BF00B82C03 /* Info.plist */,
			);
			path = llqTests;
			sourceTree = "<group>";
		};
		8D81CC3E21DF68BF00B82C03 /* llqUITests */ = {
			isa = PBXGroup;
			children = (
				8D81CC3F21DF68BF00B82C03 /* llqUITests.swift */,
				8D81CC4121DF68BF00B82C03 /* Info.plist */,
			);
			path = llqUITests;
			sourceTree = "<group>";
		};
/* End PBXGroup section */

/* Begin PBXNativeTarget section */
		8D81CC1B21DF68A200B82C03 /* llq */ = {
			isa = PBXNativeTarget;
			buildConfigurationList = 8D81CC4421DF68BF00B82C03 /* Build configuration list for PBXNativeTarget "llq" */;
			buildPhases = (
				8D81CC1821DF68A200B82C03 /* Sources */,
				8D81CC1921DF68A200B82C03 /* Frameworks */,
				8D81CC1A21DF68A200B82C03 /* Resources */,
			);
			buildRules = (
			);
			dependencies = (
			);
			name = llq;
			productName = llq;
			productReference = 8D81CC1C21DF68A200B82C03 /* llq.app */;
			productType = "com.apple.product-type.application";
		};
		8D81CC2F21DF68BF00B82C03 /* llqTests */ = {
			isa = PBXNativeTarget;
			buildConfigurationList = 8D81CC4721DF68BF00B82C03 /* Build configuration list for PBXNativeTarget "llqTests" */;
			buildPhases = (
				8D81CC2C21DF68BF00B82C03 /* Sources */,
				8D81CC2D21DF68BF00B82C03 /* Frameworks */,
				8D81CC2E21DF68BF00B82C03 /* Resources */,
			);
			buildRules = (
			);
			dependencies = (
				8D81CC3221DF68BF00B82C03 /* PBXTargetDependency */,
			);
			name = llqTests;
			productName = llqTests;
			productReference = 8D81CC3021DF68BF00B82C03 /* llqTests.xctest */;
			productType = "com.apple.product-type.bundle.unit-test";
		};
		8D81CC3A21DF68BF00B82C03 /* llqUITests */ = {
			isa = PBXNativeTarget;
			buildConfigurationList = 8D81CC4A21DF68BF00B82C03 /* Build configuration list for PBXNativeTarget "llqUITests" */;
			buildPhases = (
				8D81CC3721DF68BF00B82C03 /* Sources */,
				8D81CC3821DF68BF00B82C03 /* Frameworks */,
				8D81CC3921DF68BF00B82C03 /* Resources */,
			);
			buildRules = (
			);
			dependencies = (
				8D81CC3D21DF68BF00B82C03 /* PBXTargetDependency */,
			);
			name = llqUITests;
			productName = llqUITests;
			productReference = 8D81CC3B21DF68BF00B82C03 /* llqUITests.xctest */;
			productType = "com.apple.product-type.bundle.ui-testing";
		};
/* End PBXNativeTarget section */

/* Begin PBXProject section */
		8D81CC1421DF68A200B82C03 /* Project object */ = {
			isa = PBXProject;
			attributes = {
				LastSwiftUpdateCheck = 1000;
				LastUpgradeCheck = 1000;
				ORGANIZATIONNAME = 16wb395;
				TargetAttributes = {
					8D81CC1B21DF68A200B82C03 = {
						CreatedOnToolsVersion = 10.0;
					};
					8D81CC2F21DF68BF00B82C03 = {
						CreatedOnToolsVersion = 10.0;
						TestTargetID = 8D81CC1B21DF68A200B82C03;
					};
					8D81CC3A21DF68BF00B82C03 = {
						CreatedOnToolsVersion = 10.0;
						TestTargetID = 8D81CC1B21DF68A200B82C03;
					};
				};
			};
			buildConfigurationList = 8D81CC1721DF68A200B82C03 /* Build configuration list for PBXProject "llq" */;
			compatibilityVersion = "Xcode 9.3";
			developmentRegion = en;
			hasScannedForEncodings = 0;
			knownRegions = (
				en,
				Base,
			);
			mainGroup = 8D81CC1321DF68A200B82C03;
			productRefGroup = 8D81CC1D21DF68A200B82C03 /* Products */;
			projectDirPath = "";
			projectRoot = "";
			targets = (
				8D81CC1B21DF68A200B82C03 /* llq */,
				8D81CC2F21DF68BF00B82C03 /* llqTests */,
				8D81CC3A21DF68BF00B82C03 /* llqUITests */,
			);
		};
/* End PBXProject section */

/* Begin PBXResourcesBuildPhase section */
		8D81CC1A21DF68A200B82C03 /* Resources */ = {
			isa = PBXResourcesBuildPhase;
			buildActionMask = 2147483647;
			files = (
				8D81CC2A21DF68BE00B82C03 /* LaunchScreen.storyboard in Resources */,
				8D81CC2721DF68BE00B82C03 /* Assets.xcassets in Resources */,
				8D81CC2521DF68A200B82C03 /* Main.storyboard in Resources */,
			);
			runOnlyForDeploymentPostprocessing = 0;
		};
		8D81CC2E21DF68BF00B82C03 /* Resources */ = {
			isa = PBXResourcesBuildPhase;
			buildActionMask = 2147483647;
			files = (
			);
			runOnlyForDeploymentPostprocessing = 0;
		};
		8D81CC3921DF68BF00B82C03 /* Resources */ = {
			isa = PBXResourcesBuildPhase;
			buildActionMask = 2147483647;
			files = (
			);
			runOnlyForDeploymentPostprocessing = 0;
		};
/* End PBXResourcesBuildPhase section */

/* Begin PBXSourcesBuildPhase section */
		8D81CC1821DF68A200B82C03 /* Sources */ = {
			isa = PBXSourcesBuildPhase;
			buildActionMask = 2147483647;
			files = (
				8D81CC2221DF68A200B82C03 /* ViewController.swift in Sources */,
				8D81CC2021DF68A200B82C03 /* AppDelegate.swift in Sources */,
			);
			runOnlyForDeploymentPostprocessing = 0;
		};
		8D81CC2C21DF68BF00B82C03 /* Sources */ = {
			isa = PBXSourcesBuildPhase;
			buildActionMask = 2147483647;
			files = (
				8D81CC3521DF68BF00B82C03 /* llqTests.swift in Sources */,
			);
			runOnlyForDeploymentPostprocessing = 0;
		};
		8D81CC3721DF68BF00B82C03 /* Sources */ = {
			isa = PBXSourcesBuildPhase;
			buildActionMask = 2147483647;
			files = (
				8D81CC4021DF68BF00B82C03 /* llqUITests.swift in Sources */,
			);
			runOnlyForDeploymentPostprocessing = 0;
		};
/* End PBXSourcesBuildPhase section */

/* Begin PBXTargetDependency section */
		8D81CC3221DF68BF00B82C03 /* PBXTargetDependency */ = {
			isa = PBXTargetDependency;
			target = 8D81CC1B21DF68A200B82C03 /* llq */;
			targetProxy = 8D81CC3121DF68BF00B82C03 /* PBXContainerItemProxy */;
		};
		8D81CC3D21DF68BF00B82C03 /* PBXTargetDependency */ = {
			isa = PBXTargetDependency;
			target = 8D81CC1B21DF68A200B82C03 /* llq */;
			targetProxy = 8D81CC3C21DF68BF00B82C03 /* PBXContainerItemProxy */;
		};
/* End PBXTargetDependency section */

/* Begin PBXVariantGroup section */
		8D81CC2321DF68A200B82C03 /* Main.storyboard */ = {
			isa = PBXVariantGroup;
			children = (
				8D81CC2421DF68A200B82C03 /* Base */,
			);
			name = Main.storyboard;
			sourceTree = "<group>";
		};
		8D81CC2821DF68BE00B82C03 /* LaunchScreen.storyboard */ = {
			isa = PBXVariantGroup;
			children = (
				8D81CC2921DF68BE00B82C03 /* Base */,
			);
			name = LaunchScreen.storyboard;
			sourceTree = "<group>";
		};
/* End PBXVariantGroup section */

/* Begin XCBuildConfiguration section */
		8D81CC4221DF68BF00B82C03 /* Debug */ = {
			isa = XCBuildConfiguration;
			buildSettings = {
				ALWAYS_SEARCH_USER_PATHS = NO;
				CLANG_ANALYZER_NONNULL = YES;
				CLANG_ANALYZER_NUMBER_OBJECT_CONVERSION = YES_AGGRESSIVE;
				CLANG_CXX_LANGUAGE_STANDARD = "gnu++14";
				CLANG_CXX_LIBRARY = "libc++";
				CLANG_ENABLE_MODULES = YES;
				CLANG_ENABLE_OBJC_ARC = YES;
				CLANG_ENABLE_OBJC_WEAK = YES;
				CLANG_WARN_BLOCK_CAPTURE_AUTORELEASING = YES;
				CLANG_WARN_BOOL_CONVERSION = YES;
				CLANG_WARN_COMMA = YES;
				CLANG_WARN_CONSTANT_CONVERSION = YES;
				CLANG_WARN_DEPRECATED_OBJC_IMPLEMENTATIONS = YES;
				CLANG_WARN_DIRECT_OBJC_ISA_USAGE = YES_ERROR;
				CLANG_WARN_DOCUMENTATION_COMMENTS = YES;
				CLANG_WARN_EMPTY_BODY = YES;
				CLANG_WARN_ENUM_CONVERSION = YES;
				CLANG_WARN_INFINITE_RECURSION = YES;
				CLANG_WARN_INT_CONVERSION = YES;
				CLANG_WARN_NON_LITERAL_NULL_CONVERSION = YES;
				CLANG_WARN_OBJC_IMPLICIT_RETAIN_SELF = YES;
				CLANG_WARN_OBJC_LITERAL_CONVERSION = YES;
				CLANG_WARN_OBJC_ROOT_CLASS = YES_ERROR;
				CLANG_WARN_RANGE_LOOP_ANALYSIS = YES;
				CLANG_WARN_STRICT_PROTOTYPES = YES;
				CLANG_WARN_SUSPICIOUS_MOVE = YES;
				CLANG_WARN_UNGUARDED_AVAILABILITY = YES_AGGRESSIVE;
				CLANG_WARN_UNREACHABLE_CODE = YES;
				CLANG_WARN__DUPLICATE_METHOD_MATCH = YES;
				CODE_SIGN_IDENTITY = "iPhone Developer";
				COPY_PHASE_STRIP = NO;
				DEBUG_INFORMATION_FORMAT = dwarf;
				ENABLE_STRICT_OBJC_MSGSEND = YES;
				ENABLE_TESTABILITY = YES;
				GCC_C_LANGUAGE_STANDARD = gnu11;
				GCC_DYNAMIC_NO_PIC = NO;
				GCC_NO_COMMON_BLOCKS = YES;
				GCC_OPTIMIZATION_LEVEL = 0;
				GCC_PREPROCESSOR_DEFINITIONS = (
					"DEBUG=1",
					"$(inherited)",
				);
				GCC_WARN_64_TO_32_BIT_CONVERSION = YES;
				GCC_WARN_ABOUT_RETURN_TYPE = YES_ERROR;
				GCC_WARN_UNDECLARED_SELECTOR = YES;
				GCC_WARN_UNINITIALIZED_AUTOS = YES_AGGRESSIVE;
				GCC_WARN_UNUSED_FUNCTION = YES;
				GCC_WARN_UNUSED_VARIABLE = YES;
				IPHONEOS_DEPLOYMENT_TARGET = 12.0;
				MTL_ENABLE_DEBUG_INFO = INCLUDE_SOURCE;
				MTL_FAST_MATH = YES;
				ONLY_ACTIVE_ARCH = YES;
				SDKROOT = iphoneos;
				SWIFT_ACTIVE_COMPILATION_CONDITIONS = DEBUG;
				SWIFT_OPTIMIZATION_LEVEL = "-Onone";
			};
			name = Debug;
		};
		8D81CC4321DF68BF00B82C03 /* Release */ = {
			isa = XCBuildConfiguration;
			buildSettings = {
				ALWAYS_SEARCH_USER_PATHS = NO;
				CLANG_ANALYZER_NONNULL = YES;
				CLANG_ANALYZER_NUMBER_OBJECT_CONVERSION = YES_AGGRESSIVE;
				CLANG_CXX_LANGUAGE_STANDARD = "gnu++14";
				CLANG_CXX_LIBRARY = "libc++";
				CLANG_ENABLE_MODULES = YES;
				CLANG_ENABLE_OBJC_ARC = YES;
				CLANG_ENABLE_OBJC_WEAK = YES;
				CLANG_WARN_BLOCK_CAPTURE_AUTORELEASING = YES;
				CLANG_WARN_BOOL_CONVERSION = YES;
				CLANG_WARN_COMMA = YES;
				CLANG_WARN_CONSTANT_CONVERSION = YES;
				CLANG_WARN_DEPRECATED_OBJC_IMPLEMENTATIONS = YES;
				CLANG_WARN_DIRECT_OBJC_ISA_USAGE = YES_ERROR;
				CLANG_WARN_DOCUMENTATION_COMMENTS = YES;
				CLANG_WARN_EMPTY_BODY = YES;
				CLANG_WARN_ENUM_CONVERSION = YES;
				CLANG_WARN_INFINITE_RECURSION = YES;
				CLANG_WARN_INT_CONVERSION = YES;
				CLANG_WARN_NON_LITERAL_NULL_CONVERSION = YES;
				CLANG_WARN_OBJC_IMPLICIT_RETAIN_SELF = YES;
				CLANG_WARN_OBJC_LITERAL_CONVERSION = YES;
				CLANG_WARN_OBJC_ROOT_CLASS = YES_ERROR;
				CLANG_WARN_RANGE_LOOP_ANALYSIS = YES;
				CLANG_WARN_STRICT_PROTOTYPES = YES;
				CLANG_WARN_SUSPICIOUS_MOVE = YES;
				CLANG_WARN_UNGUARDED_AVAILABILITY = YES_AGGRESSIVE;
				CLANG_WARN_UNREACHABLE_CODE = YES;
				CLANG_WARN__DUPLICATE_METHOD_MATCH = YES;
				CODE_SIGN_IDENTITY = "iPhone Developer";
				COPY_PHASE_STRIP = NO;
				DEBUG_INFORMATION_FORMAT = "dwarf-with-dsym";
				ENABLE_NS_ASSERTIONS = NO;
				ENABLE_STRICT_OBJC_MSGSEND = YES;
				GCC_C_LANGUAGE_STANDARD = gnu11;
				GCC_NO_COMMON_BLOCKS = YES;
				GCC_WARN_64_TO_32_BIT_CONVERSION = YES;
				GCC_WARN_ABOUT_RETURN_TYPE = YES_ERROR;
				GCC_WARN_UNDECLARED_SELECTOR = YES;
				GCC_WARN_UNINITIALIZED_AUTOS = YES_AGGRESSIVE;
				GCC_WARN_UNUSED_FUNCTION = YES;
				GCC_WARN_UNUSED_VARIABLE = YES;
				IPHONEOS_DEPLOYMENT_TARGET = 12.0;
				MTL_ENABLE_DEBUG_INFO = NO;
				MTL_FAST_MATH = YES;
				SDKROOT = iphoneos;
				SWIFT_COMPILATION_MODE = wholemodule;
				SWIFT_OPTIMIZATION_LEVEL = "-O";
				VALIDATE_PRODUCT = YES;
			};
			name = Release;
		};
		8D81CC4521DF68BF00B82C03 /* Debug */ = {
			isa = XCBuildConfiguration;
			buildSettings = {
				ASSETCATALOG_COMPILER_APPICON_NAME = AppIcon;
				CODE_SIGN_STYLE = Automatic;
				INFOPLIST_FILE = llq/Info.plist;
				LD_RUNPATH_SEARCH_PATHS = (
					"$(inherited)",
					"@executable_path/Frameworks",
				);
				PRODUCT_BUNDLE_IDENTIFIER = Calculator.llq;
				PRODUCT_NAME = "$(TARGET_NAME)";
				SWIFT_VERSION = 4.2;
				TARGETED_DEVICE_FAMILY = "1,2";
			};
			name = Debug;
		};
		8D81CC4621DF68BF00B82C03 /* Release */ = {
			isa = XCBuildConfiguration;
			buildSettings = {
				ASSETCATALOG_COMPILER_APPICON_NAME = AppIcon;
				CODE_SIGN_STYLE = Automatic;
				INFOPLIST_FILE = llq/Info.plist;
				LD_RUNPATH_SEARCH_PATHS = (
					"$(inherited)",
					"@executable_path/Frameworks",
				);
				PRODUCT_BUNDLE_IDENTIFIER = Calculator.llq;
				PRODUCT_NAME = "$(TARGET_NAME)";
				SWIFT_VERSION = 4.2;
				TARGETED_DEVICE_FAMILY = "1,2";
			};
			name = Release;
		};
		8D81CC4821DF68BF00B82C03 /* Debug */ = {
			isa = XCBuildConfiguration;
			buildSettings = {
				ALWAYS_EMBED_SWIFT_STANDARD_LIBRARIES = YES;
				BUNDLE_LOADER = "$(TEST_HOST)";
				CODE_SIGN_STYLE = Automatic;
				INFOPLIST_FILE = llqTests/Info.plist;
				LD_RUNPATH_SEARCH_PATHS = (
					"$(inherited)",
					"@executable_path/Frameworks",
					"@loader_path/Frameworks",
				);
				PRODUCT_BUNDLE_IDENTIFIER = Calculator.llqTests;
				PRODUCT_NAME = "$(TARGET_NAME)";
				SWIFT_VERSION = 4.2;
				TARGETED_DEVICE_FAMILY = "1,2";
				TEST_HOST = "$(BUILT_PRODUCTS_DIR)/llq.app/llq";
			};
			name = Debug;
		};
		8D81CC4921DF68BF00B82C03 /* Release */ = {
			isa = XCBuildConfiguration;
			buildSettings = {
				ALWAYS_EMBED_SWIFT_STANDARD_LIBRARIES = YES;
				BUNDLE_LOADER = "$(TEST_HOST)";
				CODE_SIGN_STYLE = Automatic;
				INFOPLIST_FILE = llqTests/Info.plist;
				LD_RUNPATH_SEARCH_PATHS = (
					"$(inherited)",
					"@executable_path/Frameworks",
					"@loader_path/Frameworks",
				);
				PRODUCT_BUNDLE_IDENTIFIER = Calculator.llqTests;
				PRODUCT_NAME = "$(TARGET_NAME)";
				SWIFT_VERSION = 4.2;
				TARGETED_DEVICE_FAMILY = "1,2";
				TEST_HOST = "$(BUILT_PRODUCTS_DIR)/llq.app/llq";
			};
			name = Release;
		};
		8D81CC4B21DF68BF00B82C03 /* Debug */ = {
			isa = XCBuildConfiguration;
			buildSettings = {
				ALWAYS_EMBED_SWIFT_STANDARD_LIBRARIES = YES;
				CODE_SIGN_STYLE = Automatic;
				INFOPLIST_FILE = llqUITests/Info.plist;
				LD_RUNPATH_SEARCH_PATHS = (
					"$(inherited)",
					"@executable_path/Frameworks",
					"@loader_path/Frameworks",
				);
				PRODUCT_BUNDLE_IDENTIFIER = Calculator.llqUITests;
				PRODUCT_NAME = "$(TARGET_NAME)";
				SWIFT_VERSION = 4.2;
				TARGETED_DEVICE_FAMILY = "1,2";
				TEST_TARGET_NAME = llq;
			};
			name = Debug;
		};
		8D81CC4C21DF68BF00B82C03 /* Release */ = {
			isa = XCBuildConfiguration;
			buildSettings = {
				ALWAYS_EMBED_SWIFT_STANDARD_LIBRARIES = YES;
				CODE_SIGN_STYLE = Automatic;
				INFOPLIST_FILE = llqUITests/Info.plist;
				LD_RUNPATH_SEARCH_PATHS = (
					"$(inherited)",
					"@executable_path/Frameworks",
					"@loader_path/Frameworks",
				);
				PRODUCT_BUNDLE_IDENTIFIER = Calculator.llqUITests;
				PRODUCT_NAME = "$(TARGET_NAME)";
				SWIFT_VERSION = 4.2;
				TARGETED_DEVICE_FAMILY = "1,2";
				TEST_TARGET_NAME = llq;
			};
			name = Release;
		};
/* End XCBuildConfiguration section */

/* Begin XCConfigurationList section */
		8D81CC1721DF68A200B82C03 /* Build configuration list for PBXProject "llq" */ = {
			isa = XCConfigurationList;
			buildConfigurations = (
				8D81CC4221DF68BF00B82C03 /* Debug */,
				8D81CC4321DF68BF00B82C03 /* Release */,
			);
			defaultConfigurationIsVisible = 0;
			defaultConfigurationName = Release;
		};
		8D81CC4421DF68BF00B82C03 /* Build configuration list for PBXNativeTarget "llq" */ = {
			isa = XCConfigurationList;
			buildConfigurations = (
				8D81CC4521DF68BF00B82C03 /* Debug */,
				8D81CC4621DF68BF00B82C03 /* Release */,
			);
			defaultConfigurationIsVisible = 0;
			defaultConfigurationName = Release;
		};
		8D81CC4721DF68BF00B82C03 /* Build configuration list for PBXNativeTarget "llqTests" */ = {
			isa = XCConfigurationList;
			buildConfigurations = (
				8D81CC4821DF68BF00B82C03 /* Debug */,
				8D81CC4921DF68BF00B82C03 /* Release */,
			);
			defaultConfigurationIsVisible = 0;
			defaultConfigurationName = Release;
		};
		8D81CC4A21DF68BF00B82C03 /* Build configuration list for PBXNativeTarget "llqUITests" */ = {
			isa = XCConfigurationList;
			buildConfigurations = (
				8D81CC4B21DF68BF00B82C03 /* Debug */,
				8D81CC4C21DF68BF00B82C03 /* Release */,
			);
			defaultConfigurationIsVisible = 0;
			defaultConfigurationName = Release;
		};
/* End XCConfigurationList section */
	};
	rootObject = 8D81CC1421DF68A200B82C03 /* Project object */;
}
